
Microsoft Visual Studio Solution File, Format Version 12.00
# Visual Studio 15
VisualStudioVersion = 15.0.26730.16
MinimumVisualStudioVersion = 10.0.40219.1
Project("{8BC9CEB8-8B4A-11D0-8D11-00A0C91BC942}") = "homework1", "homework1\homework1.vcxproj", "{72CC11DB-8120-43C3-AE5E-FFABEC18D595}"
EndProject
Global
	GlobalSection(SolutionConfigurationPlatforms) = preSolution
		Debug|x64 = Debug|x64
		Debug|x86 = Debug|x86
		Release|x64 = Release|x64
		Release|x86 = Release|x86
	EndGlobalSection
	GlobalSection(ProjectConfigurationPlatforms) = postSolution
		{72CC11DB-8120-43C3-AE5E-FFABEC18D595}.Debug|x64.ActiveCfg = Debug|x64
		{72CC11DB-8120-43C3-AE5E-FFABEC18D595}.Debug|x64.Build.0 = Debug|x64
		{72CC11DB-8120-43C3-AE5E-FFABEC18D595}.Debug|x86.ActiveCfg = Debug|Win32
		{72CC11DB-8120-43C3-AE5E-FFABEC18D595}.Debug|x86.Build.0 = Debug|Win32
		{72CC11DB-8120-43C3-AE5E-FFABEC18D595}.Release|x64.ActiveCfg = Release|x64
		{72CC11DB-8120-43C3-AE5E-FFABEC18D595}.Release|x64.Build.0 = Release|x64
		{72CC11DB-8120-43C3-AE5E-FFABEC18D595}.Release|x86.ActiveCfg = Release|Win32
		{72CC11DB-8120-43C3-AE5E-FFABEC18D595}.Release|x86.Build.0 = Release|Win32
	EndGlobalSection
	GlobalSection(SolutionProperties) = preSolution
		HideSolutionNode = FALSE
	EndGlobalSection
	GlobalSection(ExtensibilityGlobals) = postSolution
		SolutionGuid = {07F80651-C4B8-44E5-AF4C-7107EF5CBF3D}
	EndGlobalSection
EndGlobal
